
Microsoft Visual Studio Solution File, Format Version 12.00
# Visual Studio 14
VisualStudioVersion = 14.0.25420.1
MinimumVisualStudioVersion = 10.0.40219.1
Project("{FAE04EC0-301F-11D3-BF4B-00C04F79EFBC}") = "WebApplication1", "WebApplication1\WebApplication1.csproj", "{CBDE7F0D-2C0F-4F0E-8D06-C197551A0177}"
EndProject
Project("{FAE04EC0-301F-11D3-BF4B-00C04F79EFBC}") = "WebApplication1.Tests", "WebApplication1.Tests\WebApplication1.Tests.csproj", "{AC499C65-1853-409B-BEC8-716FF754C558}"
EndProject
Global
	GlobalSection(SolutionConfigurationPlatforms) = preSolution
		Debug|Any CPU = Debug|Any CPU
		Release|Any CPU = Release|Any CPU
	EndGlobalSection
	GlobalSection(ProjectConfigurationPlatforms) = postSolution
		{CBDE7F0D-2C0F-4F0E-8D06-C197551A0177}.Debug|Any CPU.ActiveCfg = Debug|Any CPU
		{CBDE7F0D-2C0F-4F0E-8D06-C197551A0177}.Debug|Any CPU.Build.0 = Debug|Any CPU
		{CBDE7F0D-2C0F-4F0E-8D06-C197551A0177}.Release|Any CPU.ActiveCfg = Release|Any CPU
		{CBDE7F0D-2C0F-4F0E-8D06-C197551A0177}.Release|Any CPU.Build.0 = Release|Any CPU
		{AC499C65-1853-409B-BEC8-716FF754C558}.Debug|Any CPU.ActiveCfg = Debug|Any CPU
		{AC499C65-1853-409B-BEC8-716FF754C558}.Debug|Any CPU.Build.0 = Debug|Any CPU
		{AC499C65-1853-409B-BEC8-716FF754C558}.Release|Any CPU.ActiveCfg = Release|Any CPU
		{AC499C65-1853-409B-BEC8-716FF754C558}.Release|Any CPU.Build.0 = Release|Any CPU
	EndGlobalSection
	GlobalSection(SolutionProperties) = preSolution
		HideSolutionNode = FALSE
	EndGlobalSection
EndGlobal
